// !$*UTF8*$!
{
	archiveVersion = 1;
	classes = {
	};
	objectVersion = 46;
	objects = {

/* Begin PBXBuildFile section */
		63CAEC3414733A4300C0FF4A /* http.c in Sources */ = {isa = PBXBuildFile; fileRef = 63CAEC3214733A4300C0FF4A /* http.c */; };
		63CAEC3514733A4300C0FF4A /* http.h in Headers */ = {isa = PBXBuildFile; fileRef = 63CAEC3314733A4300C0FF4A /* http.h */; };
		63E68BD11473361B002998E8 /* p2plib.c in Sources */ = {isa = PBXBuildFile; fileRef = 63E68BD01473361B002998E8 /* p2plib.c */; };
		63E68BD3147336B3002998E8 /* socks.c in Sources */ = {isa = PBXBuildFile; fileRef = 63E68BD2147336B3002998E8 /* socks.c */; };
		63E68BD514733768002998E8 /* socks.h in Headers */ = {isa = PBXBuildFile; fileRef = 63E68BD414733768002998E8 /* socks.h */; };
/* End PBXBuildFile section */

/* Begin PBXFileReference section */
		63CAEC3214733A4300C0FF4A /* http.c */ = {isa = PBXFileReference; fileEncoding = 4; lastKnownFileType = sourcecode.c.c; name = http.c; path = ../source/http.c; sourceTree = "<group>"; };
		63CAEC3314733A4300C0FF4A /* http.h */ = {isa = PBXFileReference; fileEncoding = 4; lastKnownFileType = sourcecode.c.h; name = http.h; path = ../source/http.h; sourceTree = "<group>"; };
		63E68BC8147335DE002998E8 /* libp2plib.a */ = {isa = PBXFileReference; explicitFileType = archive.ar; includeInIndex = 0; path = libp2plib.a; sourceTree = BUILT_PRODUCTS_DIR; };
		63E68BD01473361B002998E8 /* p2plib.c */ = {isa = PBXFileReference; fileEncoding = 4; lastKnownFileType = sourcecode.c.c; name = p2plib.c; path = ../source/p2plib.c; sourceTree = "<group>"; };
		63E68BD2147336B3002998E8 /* socks.c */ = {isa = PBXFileReference; fileEncoding = 4; lastKnownFileType = sourcecode.c.c; name = socks.c; path = ../source/socks.c; sourceTree = "<group>"; };
		63E68BD414733768002998E8 /* socks.h */ = {isa = PBXFileReference; fileEncoding = 4; lastKnownFileType = sourcecode.c.h; name = socks.h; path = ../source/socks.h; sourceTree = "<group>"; };
/* End PBXFileReference section */

/* Begin PBXFrameworksBuildPhase section */
		63E68BC5147335DE002998E8 /* Frameworks */ = {
			isa = PBXFrameworksBuildPhase;
			buildActionMask = 2147483647;
			files = (
			);
			runOnlyForDeploymentPostprocessing = 0;
		};
/* End PBXFrameworksBuildPhase section */

/* Begin PBXGroup section */
		63E68BBD147335DE002998E8 = {
			isa = PBXGroup;
			children = (
				63E68BCF147335E4002998E8 /* Source Code */,
				63E68BC9147335DE002998E8 /* Products */,
			);
			sourceTree = "<group>";
		};
		63E68BC9147335DE002998E8 /* Products */ = {
			isa = PBXGroup;
			children = (
				63E68BC8147335DE002998E8 /* libp2plib.a */,
			);
			name = Products;
			sourceTree = "<group>";
		};
		63E68BCF147335E4002998E8 /* Source Code */ = {
			isa = PBXGroup;
			children = (
				63E68BD01473361B002998E8 /* p2plib.c */,
				63E68BD2147336B3002998E8 /* socks.c */,
				63E68BD414733768002998E8 /* socks.h */,
				63CAEC3214733A4300C0FF4A /* http.c */,
				63CAEC3314733A4300C0FF4A /* http.h */,
			);
			name = "Source Code";
			sourceTree = "<group>";
		};
/* End PBXGroup section */

/* Begin PBXHeadersBuildPhase section */
		63E68BC6147335DE002998E8 /* Headers */ = {
			isa = PBXHeadersBuildPhase;
			buildActionMask = 2147483647;
			files = (
				63E68BD514733768002998E8 /* socks.h in Headers */,
				63CAEC3514733A4300C0FF4A /* http.h in Headers */,
			);
			runOnlyForDeploymentPostprocessing = 0;
		};
/* End PBXHeadersBuildPhase section */

/* Begin PBXNativeTarget section */
		63E68BC7147335DE002998E8 /* p2plib */ = {
			isa = PBXNativeTarget;
			buildConfigurationList = 63E68BCC147335DE002998E8 /* Build configuration list for PBXNativeTarget "p2plib" */;
			buildPhases = (
				63E68BC4147335DE002998E8 /* Sources */,
				63E68BC5147335DE002998E8 /* Frameworks */,
				63E68BC6147335DE002998E8 /* Headers */,
			);
			buildRules = (
			);
			dependencies = (
			);
			name = p2plib;
			productName = p2plib;
			productReference = 63E68BC8147335DE002998E8 /* libp2plib.a */;
			productType = "com.apple.product-type.library.static";
		};
/* End PBXNativeTarget section */

/* Begin PBXProject section */
		63E68BBF147335DE002998E8 /* Project object */ = {
			isa = PBXProject;
			attributes = {
				LastUpgradeCheck = 0420;
				ORGANIZATIONNAME = USAF;
			};
			buildConfigurationList = 63E68BC2147335DE002998E8 /* Build configuration list for PBXProject "p2plib" */;
			compatibilityVersion = "Xcode 3.2";
			developmentRegion = English;
			hasScannedForEncodings = 0;
			knownRegions = (
				en,
			);
			mainGroup = 63E68BBD147335DE002998E8;
			productRefGroup = 63E68BC9147335DE002998E8 /* Products */;
			projectDirPath = "";
			projectRoot = "";
			targets = (
				63E68BC7147335DE002998E8 /* p2plib */,
			);
		};
/* End PBXProject section */

/* Begin PBXSourcesBuildPhase section */
		63E68BC4147335DE002998E8 /* Sources */ = {
			isa = PBXSourcesBuildPhase;
			buildActionMask = 2147483647;
			files = (
				63E68BD11473361B002998E8 /* p2plib.c in Sources */,
				63E68BD3147336B3002998E8 /* socks.c in Sources */,
				63CAEC3414733A4300C0FF4A /* http.c in Sources */,
			);
			runOnlyForDeploymentPostprocessing = 0;
		};
/* End PBXSourcesBuildPhase section */

/* Begin XCBuildConfiguration section */
		63E68BCA147335DE002998E8 /* Debug */ = {
			isa = XCBuildConfiguration;
			buildSettings = {
				ALWAYS_SEARCH_USER_PATHS = NO;
				ARCHS = "$(ARCHS_STANDARD_64_BIT)";
				CLANG_ENABLE_OBJC_ARC = YES;
				COPY_PHASE_STRIP = NO;
				GCC_C_LANGUAGE_STANDARD = gnu99;
				GCC_DYNAMIC_NO_PIC = NO;
				GCC_ENABLE_OBJC_EXCEPTIONS = YES;
				GCC_OPTIMIZATION_LEVEL = 0;
				GCC_PREPROCESSOR_DEFINITIONS = (
					"DEBUG=1",
					"$(inherited)",
				);
				GCC_SYMBOLS_PRIVATE_EXTERN = NO;
				GCC_VERSION = com.apple.compilers.llvm.clang.1_0;
				GCC_WARN_64_TO_32_BIT_CONVERSION = YES;
				GCC_WARN_ABOUT_MISSING_PROTOTYPES = YES;
				GCC_WARN_ABOUT_RETURN_TYPE = YES;
				GCC_WARN_UNUSED_VARIABLE = YES;
				MACOSX_DEPLOYMENT_TARGET = 10.7;
				ONLY_ACTIVE_ARCH = YES;
				SDKROOT = macosx;
			};
			name = Debug;
		};
		63E68BCB147335DE002998E8 /* Release */ = {
			isa = XCBuildConfiguration;
			buildSettings = {
				ALWAYS_SEARCH_USER_PATHS = NO;
				ARCHS = "$(ARCHS_STANDARD_64_BIT)";
				CLANG_ENABLE_OBJC_ARC = YES;
				COPY_PHASE_STRIP = YES;
				DEBUG_INFORMATION_FORMAT = "dwarf-with-dsym";
				GCC_C_LANGUAGE_STANDARD = gnu99;
				GCC_ENABLE_OBJC_EXCEPTIONS = YES;
				GCC_VERSION = com.apple.compilers.llvm.clang.1_0;
				GCC_WARN_64_TO_32_BIT_CONVERSION = YES;
				GCC_WARN_ABOUT_MISSING_PROTOTYPES = YES;
				GCC_WARN_ABOUT_RETURN_TYPE = YES;
				GCC_WARN_UNUSED_VARIABLE = YES;
				MACOSX_DEPLOYMENT_TARGET = 10.7;
				SDKROOT = macosx;
			};
			name = Release;
		};
		63E68BCD147335DE002998E8 /* Debug */ = {
			isa = XCBuildConfiguration;
			buildSettings = {
				EXECUTABLE_PREFIX = lib;
				PRODUCT_NAME = "$(TARGET_NAME)";
			};
			name = Debug;
		};
		63E68BCE147335DE002998E8 /* Release */ = {
			isa = XCBuildConfiguration;
			buildSettings = {
				EXECUTABLE_PREFIX = lib;
				PRODUCT_NAME = "$(TARGET_NAME)";
			};
			name = Release;
		};
/* End XCBuildConfiguration section */

/* Begin XCConfigurationList section */
		63E68BC2147335DE002998E8 /* Build configuration list for PBXProject "p2plib" */ = {
			isa = XCConfigurationList;
			buildConfigurations = (
				63E68BCA147335DE002998E8 /* Debug */,
				63E68BCB147335DE002998E8 /* Release */,
			);
			defaultConfigurationIsVisible = 0;
			defaultConfigurationName = Release;
		};
		63E68BCC147335DE002998E8 /* Build configuration list for PBXNativeTarget "p2plib" */ = {
			isa = XCConfigurationList;
			buildConfigurations = (
				63E68BCD147335DE002998E8 /* Debug */,
				63E68BCE147335DE002998E8 /* Release */,
			);
			defaultConfigurationIsVisible = 0;
			defaultConfigurationName = Release;
		};
/* End XCConfigurationList section */
	};
	rootObject = 63E68BBF147335DE002998E8 /* Project object */;
}
